
Microsoft Visual Studio Solution File, Format Version 12.00
# Visual Studio Version 17
VisualStudioVersion = 17.7.34221.43
MinimumVisualStudioVersion = 10.0.40219.1
Project("{8BC9CEB8-8B4A-11D0-8D11-00A0C91BC942}") = "StuManage System", "StuManage System\StuManage System.vcxproj", "{E8408DC1-1B36-4387-AAAB-696553B66A90}"
EndProject
Global
	GlobalSection(SolutionConfigurationPlatforms) = preSolution
		Debug|x64 = Debug|x64
		Debug|x86 = Debug|x86
		Release|x64 = Release|x64
		Release|x86 = Release|x86
	EndGlobalSection
	GlobalSection(ProjectConfigurationPlatforms) = postSolution
		{E8408DC1-1B36-4387-AAAB-696553B66A90}.Debug|x64.ActiveCfg = Debug|x64
		{E8408DC1-1B36-4387-AAAB-696553B66A90}.Debug|x64.Build.0 = Debug|x64
		{E8408DC1-1B36-4387-AAAB-696553B66A90}.Debug|x86.ActiveCfg = Debug|Win32
		{E8408DC1-1B36-4387-AAAB-696553B66A90}.Debug|x86.Build.0 = Debug|Win32
		{E8408DC1-1B36-4387-AAAB-696553B66A90}.Release|x64.ActiveCfg = Release|x64
		{E8408DC1-1B36-4387-AAAB-696553B66A90}.Release|x64.Build.0 = Release|x64
		{E8408DC1-1B36-4387-AAAB-696553B66A90}.Release|x86.ActiveCfg = Release|Win32
		{E8408DC1-1B36-4387-AAAB-696553B66A90}.Release|x86.Build.0 = Release|Win32
	EndGlobalSection
	GlobalSection(SolutionProperties) = preSolution
		HideSolutionNode = FALSE
	EndGlobalSection
	GlobalSection(ExtensibilityGlobals) = postSolution
		SolutionGuid = {78A0D762-659F-48B7-9EC5-116483635EE9}
	EndGlobalSection
EndGlobal
